
Microsoft Visual Studio Solution File, Format Version 12.00
# Visual Studio 2013
VisualStudioVersion = 12.0.31101.0
MinimumVisualStudioVersion = 10.0.40219.1
Project("{FAE04EC0-301F-11D3-BF4B-00C04F79EFBC}") = "Projeto.Entity", "Projeto.Entity\Projeto.Entity.csproj", "{9A9387AB-1231-41BE-B185-ADDC5D42ECBF}"
EndProject
Project("{FAE04EC0-301F-11D3-BF4B-00C04F79EFBC}") = "Projeto.DAL", "Projeto.DAL\Projeto.DAL.csproj", "{26B0B877-E564-4D9F-866E-86C0A97F3116}"
EndProject
Global
	GlobalSection(SolutionConfigurationPlatforms) = preSolution
		Debug|Any CPU = Debug|Any CPU
		Release|Any CPU = Release|Any CPU
	EndGlobalSection
	GlobalSection(ProjectConfigurationPlatforms) = postSolution
		{9A9387AB-1231-41BE-B185-ADDC5D42ECBF}.Debug|Any CPU.ActiveCfg = Debug|Any CPU
		{9A9387AB-1231-41BE-B185-ADDC5D42ECBF}.Debug|Any CPU.Build.0 = Debug|Any CPU
		{9A9387AB-1231-41BE-B185-ADDC5D42ECBF}.Release|Any CPU.ActiveCfg = Release|Any CPU
		{9A9387AB-1231-41BE-B185-ADDC5D42ECBF}.Release|Any CPU.Build.0 = Release|Any CPU
		{26B0B877-E564-4D9F-866E-86C0A97F3116}.Debug|Any CPU.ActiveCfg = Debug|Any CPU
		{26B0B877-E564-4D9F-866E-86C0A97F3116}.Debug|Any CPU.Build.0 = Debug|Any CPU
		{26B0B877-E564-4D9F-866E-86C0A97F3116}.Release|Any CPU.ActiveCfg = Release|Any CPU
		{26B0B877-E564-4D9F-866E-86C0A97F3116}.Release|Any CPU.Build.0 = Release|Any CPU
	EndGlobalSection
	GlobalSection(SolutionProperties) = preSolution
		HideSolutionNode = FALSE
	EndGlobalSection
EndGlobal
